
Microsoft Visual Studio Solution File, Format Version 12.00
# Visual Studio Version 16
VisualStudioVersion = 16.0.30523.141
MinimumVisualStudioVersion = 10.0.40219.1
Project("{FAE04EC0-301F-11D3-BF4B-00C04F79EFBC}") = "TextAdventureProgram", "TextAdventureProgram.csproj", "{1D2EFBA0-4DD2-4C79-AA9D-8F883DF20533}"
EndProject
Global
	GlobalSection(SolutionConfigurationPlatforms) = preSolution
		Debug|Any CPU = Debug|Any CPU
		Release|Any CPU = Release|Any CPU
	EndGlobalSection
	GlobalSection(ProjectConfigurationPlatforms) = postSolution
		{1D2EFBA0-4DD2-4C79-AA9D-8F883DF20533}.Debug|Any CPU.ActiveCfg = Debug|Any CPU
		{1D2EFBA0-4DD2-4C79-AA9D-8F883DF20533}.Debug|Any CPU.Build.0 = Debug|Any CPU
		{1D2EFBA0-4DD2-4C79-AA9D-8F883DF20533}.Release|Any CPU.ActiveCfg = Release|Any CPU
		{1D2EFBA0-4DD2-4C79-AA9D-8F883DF20533}.Release|Any CPU.Build.0 = Release|Any CPU
	EndGlobalSection
	GlobalSection(SolutionProperties) = preSolution
		HideSolutionNode = FALSE
	EndGlobalSection
	GlobalSection(ExtensibilityGlobals) = postSolution
		SolutionGuid = {764DF499-A473-415D-9F3A-6AA37ECFC20F}
	EndGlobalSection
EndGlobal
